// !$*UTF8*$!
{
	archiveVersion = 1;
	classes = {
	};
	objectVersion = 55;
	objects = {

/* Begin PBXBuildFile section */
		2504259027B5DD8B0040878E /* FoodDelieveryAppApp.swift in Sources */ = {isa = PBXBuildFile; fileRef = 2504258F27B5DD8B0040878E /* FoodDelieveryAppApp.swift */; };
		2504259227B5DD8B0040878E /* ContentView.swift in Sources */ = {isa = PBXBuildFile; fileRef = 2504259127B5DD8B0040878E /* ContentView.swift */; };
		2504259427B5DD8C0040878E /* Assets.xcassets in Resources */ = {isa = PBXBuildFile; fileRef = 2504259327B5DD8C0040878E /* Assets.xcassets */; };
		2504259927B5DD8C0040878E /* Persistence.swift in Sources */ = {isa = PBXBuildFile; fileRef = 2504259827B5DD8C0040878E /* Persistence.swift */; };
		2504259C27B5DD8C0040878E /* FoodDelieveryApp.xcdatamodeld in Sources */ = {isa = PBXBuildFile; fileRef = 2504259A27B5DD8C0040878E /* FoodDelieveryApp.xcdatamodeld */; };
		250425A627B5DD8C0040878E /* FoodDelieveryAppTests.swift in Sources */ = {isa = PBXBuildFile; fileRef = 250425A527B5DD8C0040878E /* FoodDelieveryAppTests.swift */; };
		250425B027B5DD8C0040878E /* FoodDelieveryAppUITests.swift in Sources */ = {isa = PBXBuildFile; fileRef = 250425AF27B5DD8C0040878E /* FoodDelieveryAppUITests.swift */; };
		250425B227B5DD8C0040878E /* FoodDelieveryAppUITestsLaunchTests.swift in Sources */ = {isa = PBXBuildFile; fileRef = 250425B127B5DD8C0040878E /* FoodDelieveryAppUITestsLaunchTests.swift */; };
		25887A1B27B67E4300E882D8 /* StartScreen.swift in Sources */ = {isa = PBXBuildFile; fileRef = 25887A1A27B67E4300E882D8 /* StartScreen.swift */; };
		2598F08727C017830027B5D0 /* Screens.swift in Sources */ = {isa = PBXBuildFile; fileRef = 2598F08627C017830027B5D0 /* Screens.swift */; };
		2598F08927C0587F0027B5D0 /* Screen2.swift in Sources */ = {isa = PBXBuildFile; fileRef = 2598F08827C0587F0027B5D0 /* Screen2.swift */; };
		2598F08B27C058A90027B5D0 /* Screen3.swift in Sources */ = {isa = PBXBuildFile; fileRef = 2598F08A27C058A90027B5D0 /* Screen3.swift */; };
		2598F08D27C058D10027B5D0 /* Screen4.swift in Sources */ = {isa = PBXBuildFile; fileRef = 2598F08C27C058D10027B5D0 /* Screen4.swift */; };
		25CFA3DD27C00E1B00565017 /* Screen1.swift in Sources */ = {isa = PBXBuildFile; fileRef = 25CFA3DC27C00E1B00565017 /* Screen1.swift */; };
/* End PBXBuildFile section */

/* Begin PBXContainerItemProxy section */
		250425A227B5DD8C0040878E /* PBXContainerItemProxy */ = {
			isa = PBXContainerItemProxy;
			containerPortal = 2504258427B5DD8B0040878E /* Project object */;
			proxyType = 1;
			remoteGlobalIDString = 2504258B27B5DD8B0040878E;
			remoteInfo = FoodDelieveryApp;
		};
		250425AC27B5DD8C0040878E /* PBXContainerItemProxy */ = {
			isa = PBXContainerItemProxy;
			containerPortal = 2504258427B5DD8B0040878E /* Project object */;
			proxyType = 1;
			remoteGlobalIDString = 2504258B27B5DD8B0040878E;
			remoteInfo = FoodDelieveryApp;
		};
/* End PBXContainerItemProxy section */

/* Begin PBXFileReference section */
		2504258C27B5DD8B0040878E /* FoodDelieveryApp.app */ = {isa = PBXFileReference; explicitFileType = wrapper.application; includeInIndex = 0; path = FoodDelieveryApp.app; sourceTree = BUILT_PRODUCTS_DIR; };
		2504258F27B5DD8B0040878E /* FoodDelieveryAppApp.swift */ = {isa = PBXFileReference; lastKnownFileType = sourcecode.swift; path = FoodDelieveryAppApp.swift; sourceTree = "<group>"; };
		2504259127B5DD8B0040878E /* ContentView.swift */ = {isa = PBXFileReference; lastKnownFileType = sourcecode.swift; path = ContentView.swift; sourceTree = "<group>"; };
		2504259327B5DD8C0040878E /* Assets.xcassets */ = {isa = PBXFileReference; lastKnownFileType = folder.assetcatalog; path = Assets.xcassets; sourceTree = "<group>"; };
		2504259827B5DD8C0040878E /* Persistence.swift */ = {isa = PBXFileReference; lastKnownFileType = sourcecode.swift; path = Persistence.swift; sourceTree = "<group>"; };
		2504259B27B5DD8C0040878E /* FoodDelieveryApp.xcdatamodel */ = {isa = PBXFileReference; lastKnownFileType = wrapper.xcdatamodel; path = FoodDelieveryApp.xcdatamodel; sourceTree = "<group>"; };
		250425A127B5DD8C0040878E /* FoodDelieveryAppTests.xctest */ = {isa = PBXFileReference; explicitFileType = wrapper.cfbundle; includeInIndex = 0; path = FoodDelieveryAppTests.xctest; sourceTree = BUILT_PRODUCTS_DIR; };
		250425A527B5DD8C0040878E /* FoodDelieveryAppTests.swift */ = {isa = PBXFileReference; lastKnownFileType = sourcecode.swift; path = FoodDelieveryAppTests.swift; sourceTree = "<group>"; };
		250425AB27B5DD8C0040878E /* FoodDelieveryAppUITests.xctest */ = {isa = PBXFileReference; explicitFileType = wrapper.cfbundle; includeInIndex = 0; path = FoodDelieveryAppUITests.xctest; sourceTree = BUILT_PRODUCTS_DIR; };
		250425AF27B5DD8C0040878E /* FoodDelieveryAppUITests.swift */ = {isa = PBXFileReference; lastKnownFileType = sourcecode.swift; path = FoodDelieveryAppUITests.swift; sourceTree = "<group>"; };
		250425B127B5DD8C0040878E /* FoodDelieveryAppUITestsLaunchTests.swift */ = {isa = PBXFileReference; lastKnownFileType = sourcecode.swift; path = FoodDelieveryAppUITestsLaunchTests.swift; sourceTree = "<group>"; };
		25887A1A27B67E4300E882D8 /* StartScreen.swift */ = {isa = PBXFileReference; lastKnownFileType = sourcecode.swift; path = StartScreen.swift; sourceTree = "<group>"; };
		2598F08627C017830027B5D0 /* Screens.swift */ = {isa = PBXFileReference; lastKnownFileType = sourcecode.swift; path = Screens.swift; sourceTree = "<group>"; };
		2598F08827C0587F0027B5D0 /* Screen2.swift */ = {isa = PBXFileReference; lastKnownFileType = sourcecode.swift; path = Screen2.swift; sourceTree = "<group>"; };
		2598F08A27C058A90027B5D0 /* Screen3.swift */ = {isa = PBXFileReference; lastKnownFileType = sourcecode.swift; path = Screen3.swift; sourceTree = "<group>"; };
		2598F08C27C058D10027B5D0 /* Screen4.swift */ = {isa = PBXFileReference; lastKnownFileType = sourcecode.swift; path = Screen4.swift; sourceTree = "<group>"; };
		25CFA3DC27C00E1B00565017 /* Screen1.swift */ = {isa = PBXFileReference; lastKnownFileType = sourcecode.swift; path = Screen1.swift; sourceTree = "<group>"; };
/* End PBXFileReference section */

/* Begin PBXFrameworksBuildPhase section */
		2504258927B5DD8B0040878E /* Frameworks */ = {
			isa = PBXFrameworksBuildPhase;
			buildActionMask = 2147483647;
			files = (
			);
			runOnlyForDeploymentPostprocessing = 0;
		};
		2504259E27B5DD8C0040878E /* Frameworks */ = {
			isa = PBXFrameworksBuildPhase;
			buildActionMask = 2147483647;
			files = (
			);
			runOnlyForDeploymentPostprocessing = 0;
		};
		250425A827B5DD8C0040878E /* Frameworks */ = {
			isa = PBXFrameworksBuildPhase;
			buildActionMask = 2147483647;
			files = (
			);
			runOnlyForDeploymentPostprocessing = 0;
		};
/* End PBXFrameworksBuildPhase section */

/* Begin PBXGroup section */
		2504258327B5DD8B0040878E = {
			isa = PBXGroup;
			children = (
				2504258E27B5DD8B0040878E /* FoodDelieveryApp */,
				250425A427B5DD8C0040878E /* FoodDelieveryAppTests */,
				250425AE27B5DD8C0040878E /* FoodDelieveryAppUITests */,
				2504258D27B5DD8B0040878E /* Products */,
			);
			sourceTree = "<group>";
		};
		2504258D27B5DD8B0040878E /* Products */ = {
			isa = PBXGroup;
			children = (
				2504258C27B5DD8B0040878E /* FoodDelieveryApp.app */,
				250425A127B5DD8C0040878E /* FoodDelieveryAppTests.xctest */,
				250425AB27B5DD8C0040878E /* FoodDelieveryAppUITests.xctest */,
			);
			name = Products;
			sourceTree = "<group>";
		};
		2504258E27B5DD8B0040878E /* FoodDelieveryApp */ = {
			isa = PBXGroup;
			children = (
				25887A2027B6843100E882D8 /* Preview Content */,
				25887A1A27B67E4300E882D8 /* StartScreen.swift */,
				2504258F27B5DD8B0040878E /* FoodDelieveryAppApp.swift */,
				2504259127B5DD8B0040878E /* ContentView.swift */,
				2504259327B5DD8C0040878E /* Assets.xcassets */,
				2504259827B5DD8C0040878E /* Persistence.swift */,
				2504259A27B5DD8C0040878E /* FoodDelieveryApp.xcdatamodeld */,
				25CFA3DC27C00E1B00565017 /* Screen1.swift */,
				2598F08627C017830027B5D0 /* Screens.swift */,
				2598F08827C0587F0027B5D0 /* Screen2.swift */,
				2598F08A27C058A90027B5D0 /* Screen3.swift */,
				2598F08C27C058D10027B5D0 /* Screen4.swift */,
			);
			path = FoodDelieveryApp;
			sourceTree = "<group>";
		};
		250425A427B5DD8C0040878E /* FoodDelieveryAppTests */ = {
			isa = PBXGroup;
			children = (
				250425A527B5DD8C0040878E /* FoodDelieveryAppTests.swift */,
			);
			path = FoodDelieveryAppTests;
			sourceTree = "<group>";
		};
		250425AE27B5DD8C0040878E /* FoodDelieveryAppUITests */ = {
			isa = PBXGroup;
			children = (
				250425AF27B5DD8C0040878E /* FoodDelieveryAppUITests.swift */,
				250425B127B5DD8C0040878E /* FoodDelieveryAppUITestsLaunchTests.swift */,
			);
			path = FoodDelieveryAppUITests;
			sourceTree = "<group>";
		};
		25887A2027B6843100E882D8 /* Preview Content */ = {
			isa = PBXGroup;
			children = (
			);
			path = "Preview Content";
			sourceTree = "<group>";
		};
/* End PBXGroup section */

/* Begin PBXNativeTarget section */
		2504258B27B5DD8B0040878E /* FoodDelieveryApp */ = {
			isa = PBXNativeTarget;
			buildConfigurationList = 250425B527B5DD8C0040878E /* Build configuration list for PBXNativeTarget "FoodDelieveryApp" */;
			buildPhases = (
				2504258827B5DD8B0040878E /* Sources */,
				2504258927B5DD8B0040878E /* Frameworks */,
				2504258A27B5DD8B0040878E /* Resources */,
			);
			buildRules = (
			);
			dependencies = (
			);
			name = FoodDelieveryApp;
			productName = FoodDelieveryApp;
			productReference = 2504258C27B5DD8B0040878E /* FoodDelieveryApp.app */;
			productType = "com.apple.product-type.application";
		};
		250425A027B5DD8C0040878E /* FoodDelieveryAppTests */ = {
			isa = PBXNativeTarget;
			buildConfigurationList = 250425B827B5DD8C0040878E /* Build configuration list for PBXNativeTarget "FoodDelieveryAppTests" */;
			buildPhases = (
				2504259D27B5DD8C0040878E /* Sources */,
				2504259E27B5DD8C0040878E /* Frameworks */,
				2504259F27B5DD8C0040878E /* Resources */,
			);
			buildRules = (
			);
			dependencies = (
				250425A327B5DD8C0040878E /* PBXTargetDependency */,
			);
			name = FoodDelieveryAppTests;
			productName = FoodDelieveryAppTests;
			productReference = 250425A127B5DD8C0040878E /* FoodDelieveryAppTests.xctest */;
			productType = "com.apple.product-type.bundle.unit-test";
		};
		250425AA27B5DD8C0040878E /* FoodDelieveryAppUITests */ = {
			isa = PBXNativeTarget;
			buildConfigurationList = 250425BB27B5DD8C0040878E /* Build configuration list for PBXNativeTarget "FoodDelieveryAppUITests" */;
			buildPhases = (
				250425A727B5DD8C0040878E /* Sources */,
				250425A827B5DD8C0040878E /* Frameworks */,
				250425A927B5DD8C0040878E /* Resources */,
			);
			buildRules = (
			);
			dependencies = (
				250425AD27B5DD8C0040878E /* PBXTargetDependency */,
			);
			name = FoodDelieveryAppUITests;
			productName = FoodDelieveryAppUITests;
			productReference = 250425AB27B5DD8C0040878E /* FoodDelieveryAppUITests.xctest */;
			productType = "com.apple.product-type.bundle.ui-testing";
		};
/* End PBXNativeTarget section */

/* Begin PBXProject section */
		2504258427B5DD8B0040878E /* Project object */ = {
			isa = PBXProject;
			attributes = {
				BuildIndependentTargetsInParallel = 1;
				LastSwiftUpdateCheck = 1320;
				LastUpgradeCheck = 1320;
				TargetAttributes = {
					2504258B27B5DD8B0040878E = {
						CreatedOnToolsVersion = 13.2.1;
					};
					250425A027B5DD8C0040878E = {
						CreatedOnToolsVersion = 13.2.1;
						TestTargetID = 2504258B27B5DD8B0040878E;
					};
					250425AA27B5DD8C0040878E = {
						CreatedOnToolsVersion = 13.2.1;
						TestTargetID = 2504258B27B5DD8B0040878E;
					};
				};
			};
			buildConfigurationList = 2504258727B5DD8B0040878E /* Build configuration list for PBXProject "FoodDelieveryApp" */;
			compatibilityVersion = "Xcode 13.0";
			developmentRegion = en;
			hasScannedForEncodings = 0;
			knownRegions = (
				en,
				Base,
			);
			mainGroup = 2504258327B5DD8B0040878E;
			productRefGroup = 2504258D27B5DD8B0040878E /* Products */;
			projectDirPath = "";
			projectRoot = "";
			targets = (
				2504258B27B5DD8B0040878E /* FoodDelieveryApp */,
				250425A027B5DD8C0040878E /* FoodDelieveryAppTests */,
				250425AA27B5DD8C0040878E /* FoodDelieveryAppUITests */,
			);
		};
/* End PBXProject section */

/* Begin PBXResourcesBuildPhase section */
		2504258A27B5DD8B0040878E /* Resources */ = {
			isa = PBXResourcesBuildPhase;
			buildActionMask = 2147483647;
			files = (
				2504259427B5DD8C0040878E /* Assets.xcassets in Resources */,
			);
			runOnlyForDeploymentPostprocessing = 0;
		};
		2504259F27B5DD8C0040878E /* Resources */ = {
			isa = PBXResourcesBuildPhase;
			buildActionMask = 2147483647;
			files = (
			);
			runOnlyForDeploymentPostprocessing = 0;
		};
		250425A927B5DD8C0040878E /* Resources */ = {
			isa = PBXResourcesBuildPhase;
			buildActionMask = 2147483647;
			files = (
			);
			runOnlyForDeploymentPostprocessing = 0;
		};
/* End PBXResourcesBuildPhase section */

/* Begin PBXSourcesBuildPhase section */
		2504258827B5DD8B0040878E /* Sources */ = {
			isa = PBXSourcesBuildPhase;
			buildActionMask = 2147483647;
			files = (
				2504259927B5DD8C0040878E /* Persistence.swift in Sources */,
				2504259227B5DD8B0040878E /* ContentView.swift in Sources */,
				2598F08927C0587F0027B5D0 /* Screen2.swift in Sources */,
				25887A1B27B67E4300E882D8 /* StartScreen.swift in Sources */,
				2504259027B5DD8B0040878E /* FoodDelieveryAppApp.swift in Sources */,
				2598F08727C017830027B5D0 /* Screens.swift in Sources */,
				2598F08D27C058D10027B5D0 /* Screen4.swift in Sources */,
				2598F08B27C058A90027B5D0 /* Screen3.swift in Sources */,
				2504259C27B5DD8C0040878E /* FoodDelieveryApp.xcdatamodeld in Sources */,
				25CFA3DD27C00E1B00565017 /* Screen1.swift in Sources */,
			);
			runOnlyForDeploymentPostprocessing = 0;
		};
		2504259D27B5DD8C0040878E /* Sources */ = {
			isa = PBXSourcesBuildPhase;
			buildActionMask = 2147483647;
			files = (
				250425A627B5DD8C0040878E /* FoodDelieveryAppTests.swift in Sources */,
			);
			runOnlyForDeploymentPostprocessing = 0;
		};
		250425A727B5DD8C0040878E /* Sources */ = {
			isa = PBXSourcesBuildPhase;
			buildActionMask = 2147483647;
			files = (
				250425B227B5DD8C0040878E /* FoodDelieveryAppUITestsLaunchTests.swift in Sources */,
				250425B027B5DD8C0040878E /* FoodDelieveryAppUITests.swift in Sources */,
			);
			runOnlyForDeploymentPostprocessing = 0;
		};
/* End PBXSourcesBuildPhase section */

/* Begin PBXTargetDependency section */
		250425A327B5DD8C0040878E /* PBXTargetDependency */ = {
			isa = PBXTargetDependency;
			target = 2504258B27B5DD8B0040878E /* FoodDelieveryApp */;
			targetProxy = 250425A227B5DD8C0040878E /* PBXContainerItemProxy */;
		};
		250425AD27B5DD8C0040878E /* PBXTargetDependency */ = {
			isa = PBXTargetDependency;
			target = 2504258B27B5DD8B0040878E /* FoodDelieveryApp */;
			targetProxy = 250425AC27B5DD8C0040878E /* PBXContainerItemProxy */;
		};
/* End PBXTargetDependency section */

/* Begin XCBuildConfiguration section */
		250425B327B5DD8C0040878E /* Debug */ = {
			isa = XCBuildConfiguration;
			buildSettings = {
				ALWAYS_SEARCH_USER_PATHS = NO;
				CLANG_ANALYZER_NONNULL = YES;
				CLANG_ANALYZER_NUMBER_OBJECT_CONVERSION = YES_AGGRESSIVE;
				CLANG_CXX_LANGUAGE_STANDARD = "gnu++17";
				CLANG_CXX_LIBRARY = "libc++";
				CLANG_ENABLE_MODULES = YES;
				CLANG_ENABLE_OBJC_ARC = YES;
				CLANG_ENABLE_OBJC_WEAK = YES;
				CLANG_WARN_BLOCK_CAPTURE_AUTORELEASING = YES;
				CLANG_WARN_BOOL_CONVERSION = YES;
				CLANG_WARN_COMMA = YES;
				CLANG_WARN_CONSTANT_CONVERSION = YES;
				CLANG_WARN_DEPRECATED_OBJC_IMPLEMENTATIONS = YES;
				CLANG_WARN_DIRECT_OBJC_ISA_USAGE = YES_ERROR;
				CLANG_WARN_DOCUMENTATION_COMMENTS = YES;
				CLANG_WARN_EMPTY_BODY = YES;
				CLANG_WARN_ENUM_CONVERSION = YES;
				CLANG_WARN_INFINITE_RECURSION = YES;
				CLANG_WARN_INT_CONVERSION = YES;
				CLANG_WARN_NON_LITERAL_NULL_CONVERSION = YES;
				CLANG_WARN_OBJC_IMPLICIT_RETAIN_SELF = YES;
				CLANG_WARN_OBJC_LITERAL_CONVERSION = YES;
				CLANG_WARN_OBJC_ROOT_CLASS = YES_ERROR;
				CLANG_WARN_QUOTED_INCLUDE_IN_FRAMEWORK_HEADER = YES;
				CLANG_WARN_RANGE_LOOP_ANALYSIS = YES;
				CLANG_WARN_STRICT_PROTOTYPES = YES;
				CLANG_WARN_SUSPICIOUS_MOVE = YES;
				CLANG_WARN_UNGUARDED_AVAILABILITY = YES_AGGRESSIVE;
				CLANG_WARN_UNREACHABLE_CODE = YES;
				CLANG_WARN__DUPLICATE_METHOD_MATCH = YES;
				COPY_PHASE_STRIP = NO;
				DEBUG_INFORMATION_FORMAT = dwarf;
				ENABLE_STRICT_OBJC_MSGSEND = YES;
				ENABLE_TESTABILITY = YES;
				GCC_C_LANGUAGE_STANDARD = gnu11;
				GCC_DYNAMIC_NO_PIC = NO;
				GCC_NO_COMMON_BLOCKS = YES;
				GCC_OPTIMIZATION_LEVEL = 0;
				GCC_PREPROCESSOR_DEFINITIONS = (
					"DEBUG=1",
					"$(inherited)",
				);
				GCC_WARN_64_TO_32_BIT_CONVERSION = YES;
				GCC_WARN_ABOUT_RETURN_TYPE = YES_ERROR;
				GCC_WARN_UNDECLARED_SELECTOR = YES;
				GCC_WARN_UNINITIALIZED_AUTOS = YES_AGGRESSIVE;
				GCC_WARN_UNUSED_FUNCTION = YES;
				GCC_WARN_UNUSED_VARIABLE = YES;
				IPHONEOS_DEPLOYMENT_TARGET = 15.2;
				MTL_ENABLE_DEBUG_INFO = INCLUDE_SOURCE;
				MTL_FAST_MATH = YES;
				ONLY_ACTIVE_ARCH = YES;
				SDKROOT = iphoneos;
				SWIFT_ACTIVE_COMPILATION_CONDITIONS = DEBUG;
				SWIFT_OPTIMIZATION_LEVEL = "-Onone";
			};
			name = Debug;
		};
		250425B427B5DD8C0040878E /* Release */ = {
			isa = XCBuildConfiguration;
			buildSettings = {
				ALWAYS_SEARCH_USER_PATHS = NO;
				CLANG_ANALYZER_NONNULL = YES;
				CLANG_ANALYZER_NUMBER_OBJECT_CONVERSION = YES_AGGRESSIVE;
				CLANG_CXX_LANGUAGE_STANDARD = "gnu++17";
				CLANG_CXX_LIBRARY = "libc++";
				CLANG_ENABLE_MODULES = YES;
				CLANG_ENABLE_OBJC_ARC = YES;
				CLANG_ENABLE_OBJC_WEAK = YES;
				CLANG_WARN_BLOCK_CAPTURE_AUTORELEASING = YES;
				CLANG_WARN_BOOL_CONVERSION = YES;
				CLANG_WARN_COMMA = YES;
				CLANG_WARN_CONSTANT_CONVERSION = YES;
				CLANG_WARN_DEPRECATED_OBJC_IMPLEMENTATIONS = YES;
				CLANG_WARN_DIRECT_OBJC_ISA_USAGE = YES_ERROR;
				CLANG_WARN_DOCUMENTATION_COMMENTS = YES;
				CLANG_WARN_EMPTY_BODY = YES;
				CLANG_WARN_ENUM_CONVERSION = YES;
				CLANG_WARN_INFINITE_RECURSION = YES;
				CLANG_WARN_INT_CONVERSION = YES;
				CLANG_WARN_NON_LITERAL_NULL_CONVERSION = YES;
				CLANG_WARN_OBJC_IMPLICIT_RETAIN_SELF = YES;
				CLANG_WARN_OBJC_LITERAL_CONVERSION = YES;
				CLANG_WARN_OBJC_ROOT_CLASS = YES_ERROR;
				CLANG_WARN_QUOTED_INCLUDE_IN_FRAMEWORK_HEADER = YES;
				CLANG_WARN_RANGE_LOOP_ANALYSIS = YES;
				CLANG_WARN_STRICT_PROTOTYPES = YES;
				CLANG_WARN_SUSPICIOUS_MOVE = YES;
				CLANG_WARN_UNGUARDED_AVAILABILITY = YES_AGGRESSIVE;
				CLANG_WARN_UNREACHABLE_CODE = YES;
				CLANG_WARN__DUPLICATE_METHOD_MATCH = YES;
				COPY_PHASE_STRIP = NO;
				DEBUG_INFORMATION_FORMAT = "dwarf-with-dsym";
				ENABLE_NS_ASSERTIONS = NO;
				ENABLE_STRICT_OBJC_MSGSEND = YES;
				GCC_C_LANGUAGE_STANDARD = gnu11;
				GCC_NO_COMMON_BLOCKS = YES;
				GCC_WARN_64_TO_32_BIT_CONVERSION = YES;
				GCC_WARN_ABOUT_RETURN_TYPE = YES_ERROR;
				GCC_WARN_UNDECLARED_SELECTOR = YES;
				GCC_WARN_UNINITIALIZED_AUTOS = YES_AGGRESSIVE;
				GCC_WARN_UNUSED_FUNCTION = YES;
				GCC_WARN_UNUSED_VARIABLE = YES;
				IPHONEOS_DEPLOYMENT_TARGET = 15.2;
				MTL_ENABLE_DEBUG_INFO = NO;
				MTL_FAST_MATH = YES;
				SDKROOT = iphoneos;
				SWIFT_COMPILATION_MODE = wholemodule;
				SWIFT_OPTIMIZATION_LEVEL = "-O";
				VALIDATE_PRODUCT = YES;
			};
			name = Release;
		};
		250425B627B5DD8C0040878E /* Debug */ = {
			isa = XCBuildConfiguration;
			buildSettings = {
				ASSETCATALOG_COMPILER_APPICON_NAME = AppIcon;
				ASSETCATALOG_COMPILER_GLOBAL_ACCENT_COLOR_NAME = AccentColor;
				CODE_SIGN_STYLE = Automatic;
				CURRENT_PROJECT_VERSION = 1;
				DEVELOPMENT_ASSET_PATHS = "\"FoodDelieveryApp/Preview Content\"";
				DEVELOPMENT_TEAM = ZFMWUM5WD3;
				ENABLE_PREVIEWS = YES;
				GENERATE_INFOPLIST_FILE = YES;
				INFOPLIST_KEY_UIApplicationSceneManifest_Generation = YES;
				INFOPLIST_KEY_UIApplicationSupportsIndirectInputEvents = YES;
				INFOPLIST_KEY_UILaunchScreen_Generation = YES;
				INFOPLIST_KEY_UISupportedInterfaceOrientations_iPad = UIInterfaceOrientationPortrait;
				INFOPLIST_KEY_UISupportedInterfaceOrientations_iPhone = UIInterfaceOrientationPortrait;
				LD_RUNPATH_SEARCH_PATHS = (
					"$(inherited)",
					"@executable_path/Frameworks",
				);
				MARKETING_VERSION = 1.0;
				PRODUCT_BUNDLE_IDENTIFIER = ahmedayman.FoodDelieveryApp;
				PRODUCT_NAME = "$(TARGET_NAME)";
				SWIFT_EMIT_LOC_STRINGS = YES;
				SWIFT_VERSION = 5.0;
				TARGETED_DEVICE_FAMILY = "1,2";
			};
			name = Debug;
		};
		250425B727B5DD8C0040878E /* Release */ = {
			isa = XCBuildConfiguration;
			buildSettings = {
				ASSETCATALOG_COMPILER_APPICON_NAME = AppIcon;
				ASSETCATALOG_COMPILER_GLOBAL_ACCENT_COLOR_NAME = AccentColor;
				CODE_SIGN_STYLE = Automatic;
				CURRENT_PROJECT_VERSION = 1;
				DEVELOPMENT_ASSET_PATHS = "\"FoodDelieveryApp/Preview Content\"";
				DEVELOPMENT_TEAM = ZFMWUM5WD3;
				ENABLE_PREVIEWS = YES;
				GENERATE_INFOPLIST_FILE = YES;
				INFOPLIST_KEY_UIApplicationSceneManifest_Generation = YES;
				INFOPLIST_KEY_UIApplicationSupportsIndirectInputEvents = YES;
				INFOPLIST_KEY_UILaunchScreen_Generation = YES;
				INFOPLIST_KEY_UISupportedInterfaceOrientations_iPad = UIInterfaceOrientationPortrait;
				INFOPLIST_KEY_UISupportedInterfaceOrientations_iPhone = UIInterfaceOrientationPortrait;
				LD_RUNPATH_SEARCH_PATHS = (
					"$(inherited)",
					"@executable_path/Frameworks",
				);
				MARKETING_VERSION = 1.0;
				PRODUCT_BUNDLE_IDENTIFIER = ahmedayman.FoodDelieveryApp;
				PRODUCT_NAME = "$(TARGET_NAME)";
				SWIFT_EMIT_LOC_STRINGS = YES;
				SWIFT_VERSION = 5.0;
				TARGETED_DEVICE_FAMILY = "1,2";
			};
			name = Release;
		};
		250425B927B5DD8C0040878E /* Debug */ = {
			isa = XCBuildConfiguration;
			buildSettings = {
				ALWAYS_EMBED_SWIFT_STANDARD_LIBRARIES = YES;
				BUNDLE_LOADER = "$(TEST_HOST)";
				CODE_SIGN_STYLE = Automatic;
				CURRENT_PROJECT_VERSION = 1;
				DEVELOPMENT_TEAM = ZFMWUM5WD3;
				GENERATE_INFOPLIST_FILE = YES;
				IPHONEOS_DEPLOYMENT_TARGET = 15.2;
				MARKETING_VERSION = 1.0;
				PRODUCT_BUNDLE_IDENTIFIER = ahmedayman.FoodDelieveryAppTests;
				PRODUCT_NAME = "$(TARGET_NAME)";
				SWIFT_EMIT_LOC_STRINGS = NO;
				SWIFT_VERSION = 5.0;
				TARGETED_DEVICE_FAMILY = "1,2";
				TEST_HOST = "$(BUILT_PRODUCTS_DIR)/FoodDelieveryApp.app/FoodDelieveryApp";
			};
			name = Debug;
		};
		250425BA27B5DD8C0040878E /* Release */ = {
			isa = XCBuildConfiguration;
			buildSettings = {
				ALWAYS_EMBED_SWIFT_STANDARD_LIBRARIES = YES;
				BUNDLE_LOADER = "$(TEST_HOST)";
				CODE_SIGN_STYLE = Automatic;
				CURRENT_PROJECT_VERSION = 1;
				DEVELOPMENT_TEAM = ZFMWUM5WD3;
				GENERATE_INFOPLIST_FILE = YES;
				IPHONEOS_DEPLOYMENT_TARGET = 15.2;
				MARKETING_VERSION = 1.0;
				PRODUCT_BUNDLE_IDENTIFIER = ahmedayman.FoodDelieveryAppTests;
				PRODUCT_NAME = "$(TARGET_NAME)";
				SWIFT_EMIT_LOC_STRINGS = NO;
				SWIFT_VERSION = 5.0;
				TARGETED_DEVICE_FAMILY = "1,2";
				TEST_HOST = "$(BUILT_PRODUCTS_DIR)/FoodDelieveryApp.app/FoodDelieveryApp";
			};
			name = Release;
		};
		250425BC27B5DD8C0040878E /* Debug */ = {
			isa = XCBuildConfiguration;
			buildSettings = {
				ALWAYS_EMBED_SWIFT_STANDARD_LIBRARIES = YES;
				CODE_SIGN_STYLE = Automatic;
				CURRENT_PROJECT_VERSION = 1;
				DEVELOPMENT_TEAM = ZFMWUM5WD3;
				GENERATE_INFOPLIST_FILE = YES;
				MARKETING_VERSION = 1.0;
				PRODUCT_BUNDLE_IDENTIFIER = ahmedayman.FoodDelieveryAppUITests;
				PRODUCT_NAME = "$(TARGET_NAME)";
				SWIFT_EMIT_LOC_STRINGS = NO;
				SWIFT_VERSION = 5.0;
				TARGETED_DEVICE_FAMILY = "1,2";
				TEST_TARGET_NAME = FoodDelieveryApp;
			};
			name = Debug;
		};
		250425BD27B5DD8C0040878E /* Release */ = {
			isa = XCBuildConfiguration;
			buildSettings = {
				ALWAYS_EMBED_SWIFT_STANDARD_LIBRARIES = YES;
				CODE_SIGN_STYLE = Automatic;
				CURRENT_PROJECT_VERSION = 1;
				DEVELOPMENT_TEAM = ZFMWUM5WD3;
				GENERATE_INFOPLIST_FILE = YES;
				MARKETING_VERSION = 1.0;
				PRODUCT_BUNDLE_IDENTIFIER = ahmedayman.FoodDelieveryAppUITests;
				PRODUCT_NAME = "$(TARGET_NAME)";
				SWIFT_EMIT_LOC_STRINGS = NO;
				SWIFT_VERSION = 5.0;
				TARGETED_DEVICE_FAMILY = "1,2";
				TEST_TARGET_NAME = FoodDelieveryApp;
			};
			name = Release;
		};
/* End XCBuildConfiguration section */

/* Begin XCConfigurationList section */
		2504258727B5DD8B0040878E /* Build configuration list for PBXProject "FoodDelieveryApp" */ = {
			isa = XCConfigurationList;
			buildConfigurations = (
				250425B327B5DD8C0040878E /* Debug */,
				250425B427B5DD8C0040878E /* Release */,
			);
			defaultConfigurationIsVisible = 0;
			defaultConfigurationName = Release;
		};
		250425B527B5DD8C0040878E /* Build configuration list for PBXNativeTarget "FoodDelieveryApp" */ = {
			isa = XCConfigurationList;
			buildConfigurations = (
				250425B627B5DD8C0040878E /* Debug */,
				250425B727B5DD8C0040878E /* Release */,
			);
			defaultConfigurationIsVisible = 0;
			defaultConfigurationName = Release;
		};
		250425B827B5DD8C0040878E /* Build configuration list for PBXNativeTarget "FoodDelieveryAppTests" */ = {
			isa = XCConfigurationList;
			buildConfigurations = (
				250425B927B5DD8C0040878E /* Debug */,
				250425BA27B5DD8C0040878E /* Release */,
			);
			defaultConfigurationIsVisible = 0;
			defaultConfigurationName = Release;
		};
		250425BB27B5DD8C0040878E /* Build configuration list for PBXNativeTarget "FoodDelieveryAppUITests" */ = {
			isa = XCConfigurationList;
			buildConfigurations = (
				250425BC27B5DD8C0040878E /* Debug */,
				250425BD27B5DD8C0040878E /* Release */,
			);
			defaultConfigurationIsVisible = 0;
			defaultConfigurationName = Release;
		};
/* End XCConfigurationList section */

/* Begin XCVersionGroup section */
		2504259A27B5DD8C0040878E /* FoodDelieveryApp.xcdatamodeld */ = {
			isa = XCVersionGroup;
			children = (
				2504259B27B5DD8C0040878E /* FoodDelieveryApp.xcdatamodel */,
			);
			currentVersion = 2504259B27B5DD8C0040878E /* FoodDelieveryApp.xcdatamodel */;
			path = FoodDelieveryApp.xcdatamodeld;
			sourceTree = "<group>";
			versionGroupType = wrapper.xcdatamodel;
		};
/* End XCVersionGroup section */
	};
	rootObject = 2504258427B5DD8B0040878E /* Project object */;
}
